
Microsoft Visual Studio Solution File, Format Version 12.00
Project("{2150E333-8FDC-42A3-9474-1A3956D46DE8}") = "Lecture7", "Lecture7", "{CB564319-761A-480E-8831-2DBAA1450F2C}"
EndProject
Project("{FAE04EC0-301F-11D3-BF4B-00C04F79EFBC}") = "AdvancedTodoWebAPI", "Lecture7\AdvancedTodoWebAPI\AdvancedTodoWebAPI.csproj", "{E5A4123D-0CC6-4D80-B85C-206A76F77BAD}"
EndProject
Project("{2150E333-8FDC-42A3-9474-1A3956D46DE8}") = "lecture1", "lecture1", "{83B91791-75AD-43D7-A5FE-8D34A0918A71}"
EndProject
Project("{2150E333-8FDC-42A3-9474-1A3956D46DE8}") = "Lecture2", "Lecture2", "{812BCFD7-3333-421B-84BD-5255BFC254CF}"
EndProject
Project("{2150E333-8FDC-42A3-9474-1A3956D46DE8}") = "Lecture3", "Lecture3", "{31B30726-6607-48BD-B973-DC581B869C75}"
EndProject
Project("{2150E333-8FDC-42A3-9474-1A3956D46DE8}") = "lecture5", "lecture5", "{9F6C9492-C317-4EE4-9721-4EEDB45E7F64}"
EndProject
Project("{2150E333-8FDC-42A3-9474-1A3956D46DE8}") = "Lecture4", "Lecture4", "{6C280694-5740-41A3-B404-140B8A14ADED}"
EndProject
Project("{FAE04EC0-301F-11D3-BF4B-00C04F79EFBC}") = "BiggestDifference", "Lecture1\BiggestDifference\BiggestDifference.csproj", "{5907036F-6BA5-4A84-8A9D-A17C336278FF}"
EndProject
Project("{FAE04EC0-301F-11D3-BF4B-00C04F79EFBC}") = "ArrayClumps", "Lecture1\ArrayClumps\ArrayClumps.csproj", "{F2ABFBEE-C7F5-41C2-A857-400F9B396A94}"
EndProject
Project("{FAE04EC0-301F-11D3-BF4B-00C04F79EFBC}") = "SimplePerson", "Lecture1\SimplePerson\SimplePerson.csproj", "{28C0604A-B09B-40C9-8570-61FF5A9BBC19}"
EndProject
Project("{FAE04EC0-301F-11D3-BF4B-00C04F79EFBC}") = "PrintingNumbers", "Lecture1\PrintingNumbers\PrintingNumbers.csproj", "{3C74CB37-49DA-46FB-A714-05E7A5A48D59}"
EndProject
Project("{FAE04EC0-301F-11D3-BF4B-00C04F79EFBC}") = "MathInSeparateNamespace", "Lecture1\MathInSeparateNamespace\MathInSeparateNamespace.csproj", "{D5047481-5C6A-4845-B1C2-DCD9C44C44D4}"
EndProject
Project("{FAE04EC0-301F-11D3-BF4B-00C04F79EFBC}") = "MoreMath", "Lecture1\MoreMath\MoreMath.csproj", "{2E129E24-4F46-4CA6-8AC4-8FC0A01AAD1E}"
EndProject
Project("{FAE04EC0-301F-11D3-BF4B-00C04F79EFBC}") = "ABBA", "Lecture1\ABBA\ABBA.csproj", "{1D36E897-9DE2-4FF1-B759-26DCD85FD02E}"
EndProject
Project("{FAE04EC0-301F-11D3-BF4B-00C04F79EFBC}") = "SurroundWith", "Lecture1\SurroundWith\SurroundWith.csproj", "{4126EA83-294D-4269-BB91-23431D94533E}"
EndProject
Project("{FAE04EC0-301F-11D3-BF4B-00C04F79EFBC}") = "Substring", "Lecture1\Substring\Substring.csproj", "{87C73FA5-D968-4B10-AD94-E9781E117F20}"
EndProject
Project("{FAE04EC0-301F-11D3-BF4B-00C04F79EFBC}") = "LargestProductSeries", "Lecture2\LargestProductSeries\LargestProductSeries.csproj", "{AF59537E-18D3-4108-924D-E6CE452F0F48}"
EndProject
Project("{FAE04EC0-301F-11D3-BF4B-00C04F79EFBC}") = "Polymorphism", "Lecture2\Polymorphism\Polymorphism.csproj", "{4773E6AB-B4F8-486A-9921-7FAD31824EBF}"
EndProject
Project("{FAE04EC0-301F-11D3-BF4B-00C04F79EFBC}") = "SumsAndQuestionMarks", "Lecture2\SumsAndQuestionMarks\SumsAndQuestionMarks.csproj", "{D4AD8938-C92B-48EC-BB22-A59196DADD01}"
EndProject
Project("{FAE04EC0-301F-11D3-BF4B-00C04F79EFBC}") = "DoctorsWaitingRoom", "Lecture2\DoctorsWaitingRoom\DoctorsWaitingRoom.csproj", "{8FE88178-BB1D-47C0-B8A8-436E441DA80F}"
EndProject
Project("{FAE04EC0-301F-11D3-BF4B-00C04F79EFBC}") = "CarAndPredicates", "Lecture2\CarAndPredicates\CarAndPredicates.csproj", "{8855E919-D00B-4207-8208-56F3AC896BC5}"
EndProject
Project("{FAE04EC0-301F-11D3-BF4B-00C04F79EFBC}") = "Birdwatchers", "Lecture2\Birdwatchers\Birdwatchers.csproj", "{0CCBD365-9DBB-4EBA-85B8-A766A53A18B5}"
EndProject
Project("{FAE04EC0-301F-11D3-BF4B-00C04F79EFBC}") = "IdentifyPalindromes", "Lecture2\IdentifyPalindromes\IdentifyPalindromes.csproj", "{2BED4DAC-6BD1-45D9-B192-40DF2E60F81D}"
EndProject
Project("{FAE04EC0-301F-11D3-BF4B-00C04F79EFBC}") = "KthLargestNumber", "Lecture2\KthLargestNumber\KthLargestNumber.csproj", "{87CAD980-9848-4DE7-9093-68077A60E9A2}"
EndProject
Project("{FAE04EC0-301F-11D3-BF4B-00C04F79EFBC}") = "SpellOutTheNumber", "Lecture2\SpellOutTheNumber\SpellOutTheNumber.csproj", "{0AA7BE7A-80B7-4699-A5B8-2BDC5B19FA32}"
EndProject
Project("{FAE04EC0-301F-11D3-BF4B-00C04F79EFBC}") = "GameQuestLogic", "Lecture2\GameQuestLogic\GameQuestLogic.csproj", "{F899CBB1-7634-4FC2-AE5C-F05FF20B2FF5}"
EndProject
Project("{FAE04EC0-301F-11D3-BF4B-00C04F79EFBC}") = "JSON", "Lecture3\JSON\JSON.csproj", "{55B59B6F-9180-4B6C-B694-08CA6853CC28}"
EndProject
Project("{FAE04EC0-301F-11D3-BF4B-00C04F79EFBC}") = "JSONFileStorage", "Lecture3\JSONFileStorage\JSONFileStorage.csproj", "{D3711584-2EC2-459E-A6F2-148D3377C342}"
EndProject
Project("{FAE04EC0-301F-11D3-BF4B-00C04F79EFBC}") = "EchoClient", "Lecture3\EchoClient\EchoClient.csproj", "{B17D72D3-F99F-4647-B5B1-F2CECAB82DB5}"
EndProject
Project("{FAE04EC0-301F-11D3-BF4B-00C04F79EFBC}") = "EchoServer", "Lecture3\EchoServer\EchoServer.csproj", "{2B62ED45-3027-42EC-998B-23EFA5CA6133}"
EndProject
Project("{FAE04EC0-301F-11D3-BF4B-00C04F79EFBC}") = "MultithreadedClient", "Lecture3\MultithreadedClient\MultithreadedClient.csproj", "{5C7F300F-6F5E-439E-8EF7-B039BA9C6960}"
EndProject
Project("{FAE04EC0-301F-11D3-BF4B-00C04F79EFBC}") = "MultithreadedServer", "Lecture3\MultithreadedServer\MultithreadedServer.csproj", "{4BE6D256-AD87-4AF1-8A7F-67EA88619C88}"
EndProject
Project("{FAE04EC0-301F-11D3-BF4B-00C04F79EFBC}") = "ChatProgramClient", "Lecture3\ChatProgramClient\ChatProgramClient.csproj", "{6D4EB288-D402-4133-A98E-81CB67FDB2F8}"
EndProject
Project("{FAE04EC0-301F-11D3-BF4B-00C04F79EFBC}") = "ChatProgramServer", "Lecture3\ChatProgramServer\ChatProgramServer.csproj", "{867C46A8-95FF-4052-A3C8-16E3F164E289}"
EndProject
Project("{FAE04EC0-301F-11D3-BF4B-00C04F79EFBC}") = "SendingObjectClient", "Lecture3\SendingObjectClient\SendingObjectClient.csproj", "{53BB60EA-1C2E-4D69-B657-FA0BB7D42EFF}"
EndProject
Project("{FAE04EC0-301F-11D3-BF4B-00C04F79EFBC}") = "BlazorTutorial", "Lecture4\BlazorTutorial\BlazorTutorial.csproj", "{BF8936E4-E902-4952-9EB0-A565CF5447CB}"
EndProject
Project("{FAE04EC0-301F-11D3-BF4B-00C04F79EFBC}") = "FourthCoffee", "Lecture4\FourthCoffee\FourthCoffee.csproj", "{0DC4CCA1-0268-4A20-9FDC-5F9D783B0A5B}"
EndProject
Project("{FAE04EC0-301F-11D3-BF4B-00C04F79EFBC}") = "TicTacToe", "Lecture4\TicTacToe\TicTacToe.csproj", "{234E78AC-F369-401C-9CE0-B1F0967B103B}"
EndProject
Project("{FAE04EC0-301F-11D3-BF4B-00C04F79EFBC}") = "SimpleLogin", "Lecture5\SimpleLogin\SimpleLogin.csproj", "{F21AB5B9-E4D8-433C-9C69-C17A1BAC14B5}"
EndProject
Project("{2150E333-8FDC-42A3-9474-1A3956D46DE8}") = "Assignment1", "Assignment1", "{EDB9AF69-D636-4C2B-9D2A-D66CAD7C86FE}"
EndProject
Project("{FAE04EC0-301F-11D3-BF4B-00C04F79EFBC}") = "Assignment1", "Assignment1\Assignment1.csproj", "{0BF928AF-D536-453F-BC4E-DA38D013BA93}"
EndProject
Project("{FAE04EC0-301F-11D3-BF4B-00C04F79EFBC}") = "HangmanGame", "Lecture7\HangmanGame\HangmanGame.csproj", "{9D51D839-C4DA-447B-B0CD-5F03786CB062}"
EndProject
Project("{2150E333-8FDC-42A3-9474-1A3956D46DE8}") = "Lecture8", "Lecture8", "{8B8F54F5-D327-448E-ADDB-3AA7DF81811D}"
EndProject
Project("{FAE04EC0-301F-11D3-BF4B-00C04F79EFBC}") = "TodoTutorial2.0", "Lecture8\TodoTutorial2.0\TodoTutorial2.0.csproj", "{B07CCCC0-945B-4421-890B-182F60056DB0}"
EndProject
Project("{FAE04EC0-301F-11D3-BF4B-00C04F79EFBC}") = "TodoTutorial1.0", "Lecture4\TodoTutorial1.0\TodoTutorial1.0.csproj", "{D8322E07-0023-4382-A396-6CADE90D7351}"
EndProject
Global
	GlobalSection(SolutionConfigurationPlatforms) = preSolution
		Debug|Any CPU = Debug|Any CPU
		Release|Any CPU = Release|Any CPU
	EndGlobalSection
	GlobalSection(NestedProjects) = preSolution
		{E5A4123D-0CC6-4D80-B85C-206A76F77BAD} = {CB564319-761A-480E-8831-2DBAA1450F2C}
		{5907036F-6BA5-4A84-8A9D-A17C336278FF} = {83B91791-75AD-43D7-A5FE-8D34A0918A71}
		{F2ABFBEE-C7F5-41C2-A857-400F9B396A94} = {83B91791-75AD-43D7-A5FE-8D34A0918A71}
		{28C0604A-B09B-40C9-8570-61FF5A9BBC19} = {83B91791-75AD-43D7-A5FE-8D34A0918A71}
		{3C74CB37-49DA-46FB-A714-05E7A5A48D59} = {83B91791-75AD-43D7-A5FE-8D34A0918A71}
		{D5047481-5C6A-4845-B1C2-DCD9C44C44D4} = {83B91791-75AD-43D7-A5FE-8D34A0918A71}
		{2E129E24-4F46-4CA6-8AC4-8FC0A01AAD1E} = {83B91791-75AD-43D7-A5FE-8D34A0918A71}
		{1D36E897-9DE2-4FF1-B759-26DCD85FD02E} = {83B91791-75AD-43D7-A5FE-8D34A0918A71}
		{4126EA83-294D-4269-BB91-23431D94533E} = {83B91791-75AD-43D7-A5FE-8D34A0918A71}
		{87C73FA5-D968-4B10-AD94-E9781E117F20} = {83B91791-75AD-43D7-A5FE-8D34A0918A71}
		{AF59537E-18D3-4108-924D-E6CE452F0F48} = {812BCFD7-3333-421B-84BD-5255BFC254CF}
		{4773E6AB-B4F8-486A-9921-7FAD31824EBF} = {812BCFD7-3333-421B-84BD-5255BFC254CF}
		{D4AD8938-C92B-48EC-BB22-A59196DADD01} = {812BCFD7-3333-421B-84BD-5255BFC254CF}
		{8FE88178-BB1D-47C0-B8A8-436E441DA80F} = {812BCFD7-3333-421B-84BD-5255BFC254CF}
		{8855E919-D00B-4207-8208-56F3AC896BC5} = {812BCFD7-3333-421B-84BD-5255BFC254CF}
		{0CCBD365-9DBB-4EBA-85B8-A766A53A18B5} = {812BCFD7-3333-421B-84BD-5255BFC254CF}
		{2BED4DAC-6BD1-45D9-B192-40DF2E60F81D} = {812BCFD7-3333-421B-84BD-5255BFC254CF}
		{87CAD980-9848-4DE7-9093-68077A60E9A2} = {812BCFD7-3333-421B-84BD-5255BFC254CF}
		{0AA7BE7A-80B7-4699-A5B8-2BDC5B19FA32} = {812BCFD7-3333-421B-84BD-5255BFC254CF}
		{F899CBB1-7634-4FC2-AE5C-F05FF20B2FF5} = {812BCFD7-3333-421B-84BD-5255BFC254CF}
		{55B59B6F-9180-4B6C-B694-08CA6853CC28} = {31B30726-6607-48BD-B973-DC581B869C75}
		{D3711584-2EC2-459E-A6F2-148D3377C342} = {31B30726-6607-48BD-B973-DC581B869C75}
		{B17D72D3-F99F-4647-B5B1-F2CECAB82DB5} = {31B30726-6607-48BD-B973-DC581B869C75}
		{2B62ED45-3027-42EC-998B-23EFA5CA6133} = {31B30726-6607-48BD-B973-DC581B869C75}
		{5C7F300F-6F5E-439E-8EF7-B039BA9C6960} = {31B30726-6607-48BD-B973-DC581B869C75}
		{4BE6D256-AD87-4AF1-8A7F-67EA88619C88} = {31B30726-6607-48BD-B973-DC581B869C75}
		{6D4EB288-D402-4133-A98E-81CB67FDB2F8} = {31B30726-6607-48BD-B973-DC581B869C75}
		{867C46A8-95FF-4052-A3C8-16E3F164E289} = {31B30726-6607-48BD-B973-DC581B869C75}
		{53BB60EA-1C2E-4D69-B657-FA0BB7D42EFF} = {31B30726-6607-48BD-B973-DC581B869C75}
		{BF8936E4-E902-4952-9EB0-A565CF5447CB} = {6C280694-5740-41A3-B404-140B8A14ADED}
		{0DC4CCA1-0268-4A20-9FDC-5F9D783B0A5B} = {6C280694-5740-41A3-B404-140B8A14ADED}
		{234E78AC-F369-401C-9CE0-B1F0967B103B} = {6C280694-5740-41A3-B404-140B8A14ADED}
		{F21AB5B9-E4D8-433C-9C69-C17A1BAC14B5} = {9F6C9492-C317-4EE4-9721-4EEDB45E7F64}
		{0BF928AF-D536-453F-BC4E-DA38D013BA93} = {EDB9AF69-D636-4C2B-9D2A-D66CAD7C86FE}
		{9D51D839-C4DA-447B-B0CD-5F03786CB062} = {CB564319-761A-480E-8831-2DBAA1450F2C}
		{B07CCCC0-945B-4421-890B-182F60056DB0} = {8B8F54F5-D327-448E-ADDB-3AA7DF81811D}
		{D8322E07-0023-4382-A396-6CADE90D7351} = {6C280694-5740-41A3-B404-140B8A14ADED}
	EndGlobalSection
	GlobalSection(ProjectConfigurationPlatforms) = postSolution
		{5907036F-6BA5-4A84-8A9D-A17C336278FF}.Debug|Any CPU.ActiveCfg = Debug|Any CPU
		{5907036F-6BA5-4A84-8A9D-A17C336278FF}.Debug|Any CPU.Build.0 = Debug|Any CPU
		{5907036F-6BA5-4A84-8A9D-A17C336278FF}.Release|Any CPU.ActiveCfg = Release|Any CPU
		{5907036F-6BA5-4A84-8A9D-A17C336278FF}.Release|Any CPU.Build.0 = Release|Any CPU
		{F2ABFBEE-C7F5-41C2-A857-400F9B396A94}.Debug|Any CPU.ActiveCfg = Debug|Any CPU
		{F2ABFBEE-C7F5-41C2-A857-400F9B396A94}.Debug|Any CPU.Build.0 = Debug|Any CPU
		{F2ABFBEE-C7F5-41C2-A857-400F9B396A94}.Release|Any CPU.ActiveCfg = Release|Any CPU
		{F2ABFBEE-C7F5-41C2-A857-400F9B396A94}.Release|Any CPU.Build.0 = Release|Any CPU
		{28C0604A-B09B-40C9-8570-61FF5A9BBC19}.Debug|Any CPU.ActiveCfg = Debug|Any CPU
		{28C0604A-B09B-40C9-8570-61FF5A9BBC19}.Debug|Any CPU.Build.0 = Debug|Any CPU
		{28C0604A-B09B-40C9-8570-61FF5A9BBC19}.Release|Any CPU.ActiveCfg = Release|Any CPU
		{28C0604A-B09B-40C9-8570-61FF5A9BBC19}.Release|Any CPU.Build.0 = Release|Any CPU
		{3C74CB37-49DA-46FB-A714-05E7A5A48D59}.Debug|Any CPU.ActiveCfg = Debug|Any CPU
		{3C74CB37-49DA-46FB-A714-05E7A5A48D59}.Debug|Any CPU.Build.0 = Debug|Any CPU
		{3C74CB37-49DA-46FB-A714-05E7A5A48D59}.Release|Any CPU.ActiveCfg = Release|Any CPU
		{3C74CB37-49DA-46FB-A714-05E7A5A48D59}.Release|Any CPU.Build.0 = Release|Any CPU
		{D5047481-5C6A-4845-B1C2-DCD9C44C44D4}.Debug|Any CPU.ActiveCfg = Debug|Any CPU
		{D5047481-5C6A-4845-B1C2-DCD9C44C44D4}.Debug|Any CPU.Build.0 = Debug|Any CPU
		{D5047481-5C6A-4845-B1C2-DCD9C44C44D4}.Release|Any CPU.ActiveCfg = Release|Any CPU
		{D5047481-5C6A-4845-B1C2-DCD9C44C44D4}.Release|Any CPU.Build.0 = Release|Any CPU
		{2E129E24-4F46-4CA6-8AC4-8FC0A01AAD1E}.Debug|Any CPU.ActiveCfg = Debug|Any CPU
		{2E129E24-4F46-4CA6-8AC4-8FC0A01AAD1E}.Debug|Any CPU.Build.0 = Debug|Any CPU
		{2E129E24-4F46-4CA6-8AC4-8FC0A01AAD1E}.Release|Any CPU.ActiveCfg = Release|Any CPU
		{2E129E24-4F46-4CA6-8AC4-8FC0A01AAD1E}.Release|Any CPU.Build.0 = Release|Any CPU
		{1D36E897-9DE2-4FF1-B759-26DCD85FD02E}.Debug|Any CPU.ActiveCfg = Debug|Any CPU
		{1D36E897-9DE2-4FF1-B759-26DCD85FD02E}.Debug|Any CPU.Build.0 = Debug|Any CPU
		{1D36E897-9DE2-4FF1-B759-26DCD85FD02E}.Release|Any CPU.ActiveCfg = Release|Any CPU
		{1D36E897-9DE2-4FF1-B759-26DCD85FD02E}.Release|Any CPU.Build.0 = Release|Any CPU
		{4126EA83-294D-4269-BB91-23431D94533E}.Debug|Any CPU.ActiveCfg = Debug|Any CPU
		{4126EA83-294D-4269-BB91-23431D94533E}.Debug|Any CPU.Build.0 = Debug|Any CPU
		{4126EA83-294D-4269-BB91-23431D94533E}.Release|Any CPU.ActiveCfg = Release|Any CPU
		{4126EA83-294D-4269-BB91-23431D94533E}.Release|Any CPU.Build.0 = Release|Any CPU
		{87C73FA5-D968-4B10-AD94-E9781E117F20}.Debug|Any CPU.ActiveCfg = Debug|Any CPU
		{87C73FA5-D968-4B10-AD94-E9781E117F20}.Debug|Any CPU.Build.0 = Debug|Any CPU
		{87C73FA5-D968-4B10-AD94-E9781E117F20}.Release|Any CPU.ActiveCfg = Release|Any CPU
		{87C73FA5-D968-4B10-AD94-E9781E117F20}.Release|Any CPU.Build.0 = Release|Any CPU
		{AF59537E-18D3-4108-924D-E6CE452F0F48}.Debug|Any CPU.ActiveCfg = Debug|Any CPU
		{AF59537E-18D3-4108-924D-E6CE452F0F48}.Debug|Any CPU.Build.0 = Debug|Any CPU
		{AF59537E-18D3-4108-924D-E6CE452F0F48}.Release|Any CPU.ActiveCfg = Release|Any CPU
		{AF59537E-18D3-4108-924D-E6CE452F0F48}.Release|Any CPU.Build.0 = Release|Any CPU
		{4773E6AB-B4F8-486A-9921-7FAD31824EBF}.Debug|Any CPU.ActiveCfg = Debug|Any CPU
		{4773E6AB-B4F8-486A-9921-7FAD31824EBF}.Debug|Any CPU.Build.0 = Debug|Any CPU
		{4773E6AB-B4F8-486A-9921-7FAD31824EBF}.Release|Any CPU.ActiveCfg = Release|Any CPU
		{4773E6AB-B4F8-486A-9921-7FAD31824EBF}.Release|Any CPU.Build.0 = Release|Any CPU
		{D4AD8938-C92B-48EC-BB22-A59196DADD01}.Debug|Any CPU.ActiveCfg = Debug|Any CPU
		{D4AD8938-C92B-48EC-BB22-A59196DADD01}.Debug|Any CPU.Build.0 = Debug|Any CPU
		{D4AD8938-C92B-48EC-BB22-A59196DADD01}.Release|Any CPU.ActiveCfg = Release|Any CPU
		{D4AD8938-C92B-48EC-BB22-A59196DADD01}.Release|Any CPU.Build.0 = Release|Any CPU
		{8FE88178-BB1D-47C0-B8A8-436E441DA80F}.Debug|Any CPU.ActiveCfg = Debug|Any CPU
		{8FE88178-BB1D-47C0-B8A8-436E441DA80F}.Debug|Any CPU.Build.0 = Debug|Any CPU
		{8FE88178-BB1D-47C0-B8A8-436E441DA80F}.Release|Any CPU.ActiveCfg = Release|Any CPU
		{8FE88178-BB1D-47C0-B8A8-436E441DA80F}.Release|Any CPU.Build.0 = Release|Any CPU
		{8855E919-D00B-4207-8208-56F3AC896BC5}.Debug|Any CPU.ActiveCfg = Debug|Any CPU
		{8855E919-D00B-4207-8208-56F3AC896BC5}.Debug|Any CPU.Build.0 = Debug|Any CPU
		{8855E919-D00B-4207-8208-56F3AC896BC5}.Release|Any CPU.ActiveCfg = Release|Any CPU
		{8855E919-D00B-4207-8208-56F3AC896BC5}.Release|Any CPU.Build.0 = Release|Any CPU
		{0CCBD365-9DBB-4EBA-85B8-A766A53A18B5}.Debug|Any CPU.ActiveCfg = Debug|Any CPU
		{0CCBD365-9DBB-4EBA-85B8-A766A53A18B5}.Debug|Any CPU.Build.0 = Debug|Any CPU
		{0CCBD365-9DBB-4EBA-85B8-A766A53A18B5}.Release|Any CPU.ActiveCfg = Release|Any CPU
		{0CCBD365-9DBB-4EBA-85B8-A766A53A18B5}.Release|Any CPU.Build.0 = Release|Any CPU
		{2BED4DAC-6BD1-45D9-B192-40DF2E60F81D}.Debug|Any CPU.ActiveCfg = Debug|Any CPU
		{2BED4DAC-6BD1-45D9-B192-40DF2E60F81D}.Debug|Any CPU.Build.0 = Debug|Any CPU
		{2BED4DAC-6BD1-45D9-B192-40DF2E60F81D}.Release|Any CPU.ActiveCfg = Release|Any CPU
		{2BED4DAC-6BD1-45D9-B192-40DF2E60F81D}.Release|Any CPU.Build.0 = Release|Any CPU
		{87CAD980-9848-4DE7-9093-68077A60E9A2}.Debug|Any CPU.ActiveCfg = Debug|Any CPU
		{87CAD980-9848-4DE7-9093-68077A60E9A2}.Debug|Any CPU.Build.0 = Debug|Any CPU
		{87CAD980-9848-4DE7-9093-68077A60E9A2}.Release|Any CPU.ActiveCfg = Release|Any CPU
		{87CAD980-9848-4DE7-9093-68077A60E9A2}.Release|Any CPU.Build.0 = Release|Any CPU
		{0AA7BE7A-80B7-4699-A5B8-2BDC5B19FA32}.Debug|Any CPU.ActiveCfg = Debug|Any CPU
		{0AA7BE7A-80B7-4699-A5B8-2BDC5B19FA32}.Debug|Any CPU.Build.0 = Debug|Any CPU
		{0AA7BE7A-80B7-4699-A5B8-2BDC5B19FA32}.Release|Any CPU.ActiveCfg = Release|Any CPU
		{0AA7BE7A-80B7-4699-A5B8-2BDC5B19FA32}.Release|Any CPU.Build.0 = Release|Any CPU
		{F899CBB1-7634-4FC2-AE5C-F05FF20B2FF5}.Debug|Any CPU.ActiveCfg = Debug|Any CPU
		{F899CBB1-7634-4FC2-AE5C-F05FF20B2FF5}.Debug|Any CPU.Build.0 = Debug|Any CPU
		{F899CBB1-7634-4FC2-AE5C-F05FF20B2FF5}.Release|Any CPU.ActiveCfg = Release|Any CPU
		{F899CBB1-7634-4FC2-AE5C-F05FF20B2FF5}.Release|Any CPU.Build.0 = Release|Any CPU
		{55B59B6F-9180-4B6C-B694-08CA6853CC28}.Debug|Any CPU.ActiveCfg = Debug|Any CPU
		{55B59B6F-9180-4B6C-B694-08CA6853CC28}.Debug|Any CPU.Build.0 = Debug|Any CPU
		{55B59B6F-9180-4B6C-B694-08CA6853CC28}.Release|Any CPU.ActiveCfg = Release|Any CPU
		{55B59B6F-9180-4B6C-B694-08CA6853CC28}.Release|Any CPU.Build.0 = Release|Any CPU
		{D3711584-2EC2-459E-A6F2-148D3377C342}.Debug|Any CPU.ActiveCfg = Debug|Any CPU
		{D3711584-2EC2-459E-A6F2-148D3377C342}.Debug|Any CPU.Build.0 = Debug|Any CPU
		{D3711584-2EC2-459E-A6F2-148D3377C342}.Release|Any CPU.ActiveCfg = Release|Any CPU
		{D3711584-2EC2-459E-A6F2-148D3377C342}.Release|Any CPU.Build.0 = Release|Any CPU
		{B17D72D3-F99F-4647-B5B1-F2CECAB82DB5}.Debug|Any CPU.ActiveCfg = Debug|Any CPU
		{B17D72D3-F99F-4647-B5B1-F2CECAB82DB5}.Debug|Any CPU.Build.0 = Debug|Any CPU
		{B17D72D3-F99F-4647-B5B1-F2CECAB82DB5}.Release|Any CPU.ActiveCfg = Release|Any CPU
		{B17D72D3-F99F-4647-B5B1-F2CECAB82DB5}.Release|Any CPU.Build.0 = Release|Any CPU
		{2B62ED45-3027-42EC-998B-23EFA5CA6133}.Debug|Any CPU.ActiveCfg = Debug|Any CPU
		{2B62ED45-3027-42EC-998B-23EFA5CA6133}.Debug|Any CPU.Build.0 = Debug|Any CPU
		{2B62ED45-3027-42EC-998B-23EFA5CA6133}.Release|Any CPU.ActiveCfg = Release|Any CPU
		{2B62ED45-3027-42EC-998B-23EFA5CA6133}.Release|Any CPU.Build.0 = Release|Any CPU
		{5C7F300F-6F5E-439E-8EF7-B039BA9C6960}.Debug|Any CPU.ActiveCfg = Debug|Any CPU
		{5C7F300F-6F5E-439E-8EF7-B039BA9C6960}.Debug|Any CPU.Build.0 = Debug|Any CPU
		{5C7F300F-6F5E-439E-8EF7-B039BA9C6960}.Release|Any CPU.ActiveCfg = Release|Any CPU
		{5C7F300F-6F5E-439E-8EF7-B039BA9C6960}.Release|Any CPU.Build.0 = Release|Any CPU
		{4BE6D256-AD87-4AF1-8A7F-67EA88619C88}.Debug|Any CPU.ActiveCfg = Debug|Any CPU
		{4BE6D256-AD87-4AF1-8A7F-67EA88619C88}.Debug|Any CPU.Build.0 = Debug|Any CPU
		{4BE6D256-AD87-4AF1-8A7F-67EA88619C88}.Release|Any CPU.ActiveCfg = Release|Any CPU
		{4BE6D256-AD87-4AF1-8A7F-67EA88619C88}.Release|Any CPU.Build.0 = Release|Any CPU
		{6D4EB288-D402-4133-A98E-81CB67FDB2F8}.Debug|Any CPU.ActiveCfg = Debug|Any CPU
		{6D4EB288-D402-4133-A98E-81CB67FDB2F8}.Debug|Any CPU.Build.0 = Debug|Any CPU
		{6D4EB288-D402-4133-A98E-81CB67FDB2F8}.Release|Any CPU.ActiveCfg = Release|Any CPU
		{6D4EB288-D402-4133-A98E-81CB67FDB2F8}.Release|Any CPU.Build.0 = Release|Any CPU
		{867C46A8-95FF-4052-A3C8-16E3F164E289}.Debug|Any CPU.ActiveCfg = Debug|Any CPU
		{867C46A8-95FF-4052-A3C8-16E3F164E289}.Debug|Any CPU.Build.0 = Debug|Any CPU
		{867C46A8-95FF-4052-A3C8-16E3F164E289}.Release|Any CPU.ActiveCfg = Release|Any CPU
		{867C46A8-95FF-4052-A3C8-16E3F164E289}.Release|Any CPU.Build.0 = Release|Any CPU
		{53BB60EA-1C2E-4D69-B657-FA0BB7D42EFF}.Debug|Any CPU.ActiveCfg = Debug|Any CPU
		{53BB60EA-1C2E-4D69-B657-FA0BB7D42EFF}.Debug|Any CPU.Build.0 = Debug|Any CPU
		{53BB60EA-1C2E-4D69-B657-FA0BB7D42EFF}.Release|Any CPU.ActiveCfg = Release|Any CPU
		{53BB60EA-1C2E-4D69-B657-FA0BB7D42EFF}.Release|Any CPU.Build.0 = Release|Any CPU
		{BF8936E4-E902-4952-9EB0-A565CF5447CB}.Debug|Any CPU.ActiveCfg = Debug|Any CPU
		{BF8936E4-E902-4952-9EB0-A565CF5447CB}.Debug|Any CPU.Build.0 = Debug|Any CPU
		{BF8936E4-E902-4952-9EB0-A565CF5447CB}.Release|Any CPU.ActiveCfg = Release|Any CPU
		{BF8936E4-E902-4952-9EB0-A565CF5447CB}.Release|Any CPU.Build.0 = Release|Any CPU
		{0DC4CCA1-0268-4A20-9FDC-5F9D783B0A5B}.Debug|Any CPU.ActiveCfg = Debug|Any CPU
		{0DC4CCA1-0268-4A20-9FDC-5F9D783B0A5B}.Debug|Any CPU.Build.0 = Debug|Any CPU
		{0DC4CCA1-0268-4A20-9FDC-5F9D783B0A5B}.Release|Any CPU.ActiveCfg = Release|Any CPU
		{0DC4CCA1-0268-4A20-9FDC-5F9D783B0A5B}.Release|Any CPU.Build.0 = Release|Any CPU
		{234E78AC-F369-401C-9CE0-B1F0967B103B}.Debug|Any CPU.ActiveCfg = Debug|Any CPU
		{234E78AC-F369-401C-9CE0-B1F0967B103B}.Debug|Any CPU.Build.0 = Debug|Any CPU
		{234E78AC-F369-401C-9CE0-B1F0967B103B}.Release|Any CPU.ActiveCfg = Release|Any CPU
		{234E78AC-F369-401C-9CE0-B1F0967B103B}.Release|Any CPU.Build.0 = Release|Any CPU
		{F21AB5B9-E4D8-433C-9C69-C17A1BAC14B5}.Debug|Any CPU.ActiveCfg = Debug|Any CPU
		{F21AB5B9-E4D8-433C-9C69-C17A1BAC14B5}.Debug|Any CPU.Build.0 = Debug|Any CPU
		{F21AB5B9-E4D8-433C-9C69-C17A1BAC14B5}.Release|Any CPU.ActiveCfg = Release|Any CPU
		{F21AB5B9-E4D8-433C-9C69-C17A1BAC14B5}.Release|Any CPU.Build.0 = Release|Any CPU
		{0BF928AF-D536-453F-BC4E-DA38D013BA93}.Debug|Any CPU.ActiveCfg = Debug|Any CPU
		{0BF928AF-D536-453F-BC4E-DA38D013BA93}.Debug|Any CPU.Build.0 = Debug|Any CPU
		{0BF928AF-D536-453F-BC4E-DA38D013BA93}.Release|Any CPU.ActiveCfg = Release|Any CPU
		{0BF928AF-D536-453F-BC4E-DA38D013BA93}.Release|Any CPU.Build.0 = Release|Any CPU
		{9D51D839-C4DA-447B-B0CD-5F03786CB062}.Debug|Any CPU.ActiveCfg = Debug|Any CPU
		{9D51D839-C4DA-447B-B0CD-5F03786CB062}.Debug|Any CPU.Build.0 = Debug|Any CPU
		{9D51D839-C4DA-447B-B0CD-5F03786CB062}.Release|Any CPU.ActiveCfg = Release|Any CPU
		{9D51D839-C4DA-447B-B0CD-5F03786CB062}.Release|Any CPU.Build.0 = Release|Any CPU
		{B07CCCC0-945B-4421-890B-182F60056DB0}.Debug|Any CPU.ActiveCfg = Debug|Any CPU
		{B07CCCC0-945B-4421-890B-182F60056DB0}.Debug|Any CPU.Build.0 = Debug|Any CPU
		{B07CCCC0-945B-4421-890B-182F60056DB0}.Release|Any CPU.ActiveCfg = Release|Any CPU
		{B07CCCC0-945B-4421-890B-182F60056DB0}.Release|Any CPU.Build.0 = Release|Any CPU
		{D8322E07-0023-4382-A396-6CADE90D7351}.Debug|Any CPU.ActiveCfg = Debug|Any CPU
		{D8322E07-0023-4382-A396-6CADE90D7351}.Debug|Any CPU.Build.0 = Debug|Any CPU
		{D8322E07-0023-4382-A396-6CADE90D7351}.Release|Any CPU.ActiveCfg = Release|Any CPU
		{D8322E07-0023-4382-A396-6CADE90D7351}.Release|Any CPU.Build.0 = Release|Any CPU
	EndGlobalSection
EndGlobal
